
Microsoft Visual Studio Solution File, Format Version 12.00
# Visual Studio Version 16
VisualStudioVersion = 16.0.31911.196
MinimumVisualStudioVersion = 10.0.40219.1
Project("{FAE04EC0-301F-11D3-BF4B-00C04F79EFBC}") = "SparaLasaKontakt_ovn4_2", "SparaLasaKontakt_ovn4_2.csproj", "{CFAA50CC-2F44-4FEA-B8F4-4880BC49BA0C}"
EndProject
Global
	GlobalSection(SolutionConfigurationPlatforms) = preSolution
		Debug|Any CPU = Debug|Any CPU
		Release|Any CPU = Release|Any CPU
	EndGlobalSection
	GlobalSection(ProjectConfigurationPlatforms) = postSolution
		{CFAA50CC-2F44-4FEA-B8F4-4880BC49BA0C}.Debug|Any CPU.ActiveCfg = Debug|Any CPU
		{CFAA50CC-2F44-4FEA-B8F4-4880BC49BA0C}.Debug|Any CPU.Build.0 = Debug|Any CPU
		{CFAA50CC-2F44-4FEA-B8F4-4880BC49BA0C}.Release|Any CPU.ActiveCfg = Release|Any CPU
		{CFAA50CC-2F44-4FEA-B8F4-4880BC49BA0C}.Release|Any CPU.Build.0 = Release|Any CPU
	EndGlobalSection
	GlobalSection(SolutionProperties) = preSolution
		HideSolutionNode = FALSE
	EndGlobalSection
	GlobalSection(ExtensibilityGlobals) = postSolution
		SolutionGuid = {78D7D0AC-438E-4782-9CA7-D0E5F80A93C1}
	EndGlobalSection
EndGlobal
